
Microsoft Visual Studio Solution File, Format Version 12.00
# Visual Studio Version 16
VisualStudioVersion = 16.0.30523.141
MinimumVisualStudioVersion = 10.0.40219.1
Project("{FAE04EC0-301F-11D3-BF4B-00C04F79EFBC}") = "EnigmaClassTester", "EnigmaClassTester\EnigmaClassTester.csproj", "{F4D6AAAC-8079-4022-8119-C42357705163}"
EndProject
Global
	GlobalSection(SolutionConfigurationPlatforms) = preSolution
		Debug|Any CPU = Debug|Any CPU
		Release|Any CPU = Release|Any CPU
	EndGlobalSection
	GlobalSection(ProjectConfigurationPlatforms) = postSolution
		{F4D6AAAC-8079-4022-8119-C42357705163}.Debug|Any CPU.ActiveCfg = Debug|Any CPU
		{F4D6AAAC-8079-4022-8119-C42357705163}.Debug|Any CPU.Build.0 = Debug|Any CPU
		{F4D6AAAC-8079-4022-8119-C42357705163}.Release|Any CPU.ActiveCfg = Release|Any CPU
		{F4D6AAAC-8079-4022-8119-C42357705163}.Release|Any CPU.Build.0 = Release|Any CPU
	EndGlobalSection
	GlobalSection(SolutionProperties) = preSolution
		HideSolutionNode = FALSE
	EndGlobalSection
	GlobalSection(ExtensibilityGlobals) = postSolution
		SolutionGuid = {5C46BA94-06BE-4F78-8D2C-5E784FA9B2CD}
	EndGlobalSection
EndGlobal
